
Microsoft Visual Studio Solution File, Format Version 9.00
# Visual Studio 2005
Project("{FAE04EC0-301F-11D3-BF4B-00C04F79EFBC}") = "Xcordion", "Xcordion.csproj", "{C1B428A5-834B-4A62-9410-36A440FB8A92}"
EndProject
Project("{2150E333-8FDC-42A3-9474-1A3956D46DE8}") = "Solution Items", "Solution Items", "{B8AFB8E5-7B87-4085-B9F0-682AD04E09AA}"
	ProjectSection(SolutionItems) = preProject
		localtestrun.testrunconfig = localtestrun.testrunconfig
		Xcordion.vsmdi = Xcordion.vsmdi
	EndProjectSection
EndProject
Project("{FAE04EC0-301F-11D3-BF4B-00C04F79EFBC}") = "test", "test\test.csproj", "{0835C100-9968-4D43-B37C-E53FCBE9F6D0}"
EndProject
Global
	GlobalSection(TestCaseManagementSettings) = postSolution
		CategoryFile = Xcordion.vsmdi
	EndGlobalSection
	GlobalSection(SolutionConfigurationPlatforms) = preSolution
		Debug|Any CPU = Debug|Any CPU
		Release|Any CPU = Release|Any CPU
	EndGlobalSection
	GlobalSection(ProjectConfigurationPlatforms) = postSolution
		{C1B428A5-834B-4A62-9410-36A440FB8A92}.Debug|Any CPU.ActiveCfg = Debug|Any CPU
		{C1B428A5-834B-4A62-9410-36A440FB8A92}.Debug|Any CPU.Build.0 = Debug|Any CPU
		{C1B428A5-834B-4A62-9410-36A440FB8A92}.Release|Any CPU.ActiveCfg = Release|Any CPU
		{C1B428A5-834B-4A62-9410-36A440FB8A92}.Release|Any CPU.Build.0 = Release|Any CPU
		{0835C100-9968-4D43-B37C-E53FCBE9F6D0}.Debug|Any CPU.ActiveCfg = Debug|Any CPU
		{0835C100-9968-4D43-B37C-E53FCBE9F6D0}.Debug|Any CPU.Build.0 = Debug|Any CPU
		{0835C100-9968-4D43-B37C-E53FCBE9F6D0}.Release|Any CPU.ActiveCfg = Release|Any CPU
		{0835C100-9968-4D43-B37C-E53FCBE9F6D0}.Release|Any CPU.Build.0 = Release|Any CPU
	EndGlobalSection
	GlobalSection(SolutionProperties) = preSolution
		HideSolutionNode = FALSE
	EndGlobalSection
EndGlobal
